# This file is automatically @generated by Cargo.
# It is not intended for manual editing.
version = 4

[[package]]
name = "common-game"
version = "0.1.0"
source = "git+https://github.com/unitn-ap-2025/common#fba4fc0169ad8c35f946e11fc12599ec7b932eca"
dependencies = [
 "paste",
]

[[package]]
name = "paste"
version = "1.0.15"
source = "registry+https://github.com/rust-lang/crates.io-index"
checksum = "57c0d7b74b563b49d38dae00a0c37d4d6de9b432382b2892f0574ddcae73fd0a"

[[package]]
name = "planet"
version = "0.1.0"
dependencies = [
 "common-game",
]
